// !$*UTF8*$!
{
	archiveVersion = 1;
	classes = {
	};
	objectVersion = 46;
	objects = {

/* Begin PBXBuildFile section */
		ACEA4F8E1C9021A20040510C /* AppDelegate.swift in Sources */ = {isa = PBXBuildFile; fileRef = ACEA4F8D1C9021A20040510C /* AppDelegate.swift */; };
		ACEA4F901C9021A20040510C /* ViewController.swift in Sources */ = {isa = PBXBuildFile; fileRef = ACEA4F8F1C9021A20040510C /* ViewController.swift */; };
		ACEA4F931C9021A20040510C /* Main.storyboard in Resources */ = {isa = PBXBuildFile; fileRef = ACEA4F911C9021A20040510C /* Main.storyboard */; };
		ACEA4F951C9021A20040510C /* Assets.xcassets in Resources */ = {isa = PBXBuildFile; fileRef = ACEA4F941C9021A20040510C /* Assets.xcassets */; };
		ACEA4F981C9021A20040510C /* LaunchScreen.storyboard in Resources */ = {isa = PBXBuildFile; fileRef = ACEA4F961C9021A20040510C /* LaunchScreen.storyboard */; };
/* End PBXBuildFile section */

/* Begin PBXFileReference section */
		ACEA4F8A1C9021A20040510C /* Telescope.app */ = {isa = PBXFileReference; explicitFileType = wrapper.application; includeInIndex = 0; path = Telescope.app; sourceTree = BUILT_PRODUCTS_DIR; };
		ACEA4F8D1C9021A20040510C /* AppDelegate.swift */ = {isa = PBXFileReference; lastKnownFileType = sourcecode.swift; path = AppDelegate.swift; sourceTree = "<group>"; };
		ACEA4F8F1C9021A20040510C /* ViewController.swift */ = {isa = PBXFileReference; lastKnownFileType = sourcecode.swift; path = ViewController.swift; sourceTree = "<group>"; };
		ACEA4F921C9021A20040510C /* Base */ = {isa = PBXFileReference; lastKnownFileType = file.storyboard; name = Base; path = Base.lproj/Main.storyboard; sourceTree = "<group>"; };
		ACEA4F941C9021A20040510C /* Assets.xcassets */ = {isa = PBXFileReference; lastKnownFileType = folder.assetcatalog; path = Assets.xcassets; sourceTree = "<group>"; };
		ACEA4F971C9021A20040510C /* Base */ = {isa = PBXFileReference; lastKnownFileType = file.storyboard; name = Base; path = Base.lproj/LaunchScreen.storyboard; sourceTree = "<group>"; };
		ACEA4F991C9021A20040510C /* Info.plist */ = {isa = PBXFileReference; lastKnownFileType = text.plist.xml; path = Info.plist; sourceTree = "<group>"; };
/* End PBXFileReference section */

/* Begin PBXFrameworksBuildPhase section */
		ACEA4F871C9021A20040510C /* Frameworks */ = {
			isa = PBXFrameworksBuildPhase;
			buildActionMask = 2147483647;
			files = (
			);
			runOnlyForDeploymentPostprocessing = 0;
		};
/* End PBXFrameworksBuildPhase section */

/* Begin PBXGroup section */
		ACEA4F811C9021A20040510C = {
			isa = PBXGroup;
			children = (
				ACEA4F8C1C9021A20040510C /* Telescope */,
				ACEA4F8B1C9021A20040510C /* Products */,
			);
			sourceTree = "<group>";
		};
		ACEA4F8B1C9021A20040510C /* Products */ = {
			isa = PBXGroup;
			children = (
				ACEA4F8A1C9021A20040510C /* Telescope.app */,
			);
			name = Products;
			sourceTree = "<group>";
		};
		ACEA4F8C1C9021A20040510C /* Telescope */ = {
			isa = PBXGroup;
			children = (
				ACEA4F8D1C9021A20040510C /* AppDelegate.swift */,
				ACEA4F8F1C9021A20040510C /* ViewController.swift */,
				ACEA4F911C9021A20040510C /* Main.storyboard */,
				ACEA4F941C9021A20040510C /* Assets.xcassets */,
				ACEA4F961C9021A20040510C /* LaunchScreen.storyboard */,
				ACEA4F991C9021A20040510C /* Info.plist */,
			);
			path = Telescope;
			sourceTree = "<group>";
		};
/* End PBXGroup section */

/* Begin PBXNativeTarget section */
		ACEA4F891C9021A20040510C /* Telescope */ = {
			isa = PBXNativeTarget;
			buildConfigurationList = ACEA4F9C1C9021A20040510C /* Build configuration list for PBXNativeTarget "Telescope" */;
			buildPhases = (
				ACEA4F861C9021A20040510C /* Sources */,
				ACEA4F871C9021A20040510C /* Frameworks */,
				ACEA4F881C9021A20040510C /* Resources */,
			);
			buildRules = (
			);
			dependencies = (
			);
			name = Telescope;
			productName = Telescope;
			productReference = ACEA4F8A1C9021A20040510C /* Telescope.app */;
			productType = "com.apple.product-type.application";
		};
/* End PBXNativeTarget section */

/* Begin PBXProject section */
		ACEA4F821C9021A20040510C /* Project object */ = {
			isa = PBXProject;
			attributes = {
				LastSwiftUpdateCheck = 0720;
				LastUpgradeCheck = 0720;
				ORGANIZATIONNAME = EPAM;
				TargetAttributes = {
					ACEA4F891C9021A20040510C = {
						CreatedOnToolsVersion = 7.2;
					};
				};
			};
			buildConfigurationList = ACEA4F851C9021A20040510C /* Build configuration list for PBXProject "Telescope" */;
			compatibilityVersion = "Xcode 3.2";
			developmentRegion = English;
			hasScannedForEncodings = 0;
			knownRegions = (
				en,
				Base,
			);
			mainGroup = ACEA4F811C9021A20040510C;
			productRefGroup = ACEA4F8B1C9021A20040510C /* Products */;
			projectDirPath = "";
			projectRoot = "";
			targets = (
				ACEA4F891C9021A20040510C /* Telescope */,
			);
		};
/* End PBXProject section */

/* Begin PBXResourcesBuildPhase section */
		ACEA4F881C9021A20040510C /* Resources */ = {
			isa = PBXResourcesBuildPhase;
			buildActionMask = 2147483647;
			files = (
				ACEA4F981C9021A20040510C /* LaunchScreen.storyboard in Resources */,
				ACEA4F951C9021A20040510C /* Assets.xcassets in Resources */,
				ACEA4F931C9021A20040510C /* Main.storyboard in Resources */,
			);
			runOnlyForDeploymentPostprocessing = 0;
		};
/* End PBXResourcesBuildPhase section */

/* Begin PBXSourcesBuildPhase section */
		ACEA4F861C9021A20040510C /* Sources */ = {
			isa = PBXSourcesBuildPhase;
			buildActionMask = 2147483647;
			files = (
				ACEA4F901C9021A20040510C /* ViewController.swift in Sources */,
				ACEA4F8E1C9021A20040510C /* AppDelegate.swift in Sources */,
			);
			runOnlyForDeploymentPostprocessing = 0;
		};
/* End PBXSourcesBuildPhase section */

/* Begin PBXVariantGroup section */
		ACEA4F911C9021A20040510C /* Main.storyboard */ = {
			isa = PBXVariantGroup;
			children = (
				ACEA4F921C9021A20040510C /* Base */,
			);
			name = Main.storyboard;
			sourceTree = "<group>";
		};
		ACEA4F961C9021A20040510C /* LaunchScreen.storyboard */ = {
			isa = PBXVariantGroup;
			children = (
				ACEA4F971C9021A20040510C /* Base */,
			);
			name = LaunchScreen.storyboard;
			sourceTree = "<group>";
		};
/* End PBXVariantGroup section */

/* Begin XCBuildConfiguration section */
		ACEA4F9A1C9021A20040510C /* Debug */ = {
			isa = XCBuildConfiguration;
			buildSettings = {
				ALWAYS_SEARCH_USER_PATHS = NO;
				CLANG_CXX_LANGUAGE_STANDARD = "gnu++0x";
				CLANG_CXX_LIBRARY = "libc++";
				CLANG_ENABLE_MODULES = YES;
				CLANG_ENABLE_OBJC_ARC = YES;
				CLANG_WARN_BOOL_CONVERSION = YES;
				CLANG_WARN_CONSTANT_CONVERSION = YES;
				CLANG_WARN_DIRECT_OBJC_ISA_USAGE = YES_ERROR;
				CLANG_WARN_EMPTY_BODY = YES;
				CLANG_WARN_ENUM_CONVERSION = YES;
				CLANG_WARN_INT_CONVERSION = YES;
				CLANG_WARN_OBJC_ROOT_CLASS = YES_ERROR;
				CLANG_WARN_UNREACHABLE_CODE = YES;
				CLANG_WARN__DUPLICATE_METHOD_MATCH = YES;
				"CODE_SIGN_IDENTITY[sdk=iphoneos*]" = "iPhone Developer";
				COPY_PHASE_STRIP = NO;
				DEBUG_INFORMATION_FORMAT = dwarf;
				ENABLE_STRICT_OBJC_MSGSEND = YES;
				ENABLE_TESTABILITY = YES;
				GCC_C_LANGUAGE_STANDARD = gnu99;
				GCC_DYNAMIC_NO_PIC = NO;
				GCC_NO_COMMON_BLOCKS = YES;
				GCC_OPTIMIZATION_LEVEL = 0;
				GCC_PREPROCESSOR_DEFINITIONS = (
					"DEBUG=1",
					"$(inherited)",
				);
				GCC_WARN_64_TO_32_BIT_CONVERSION = YES;
				GCC_WARN_ABOUT_RETURN_TYPE = YES_ERROR;
				GCC_WARN_UNDECLARED_SELECTOR = YES;
				GCC_WARN_UNINITIALIZED_AUTOS = YES_AGGRESSIVE;
				GCC_WARN_UNUSED_FUNCTION = YES;
				GCC_WARN_UNUSED_VARIABLE = YES;
				IPHONEOS_DEPLOYMENT_TARGET = 9.2;
				MTL_ENABLE_DEBUG_INFO = YES;
				ONLY_ACTIVE_ARCH = YES;
				SDKROOT = iphoneos;
				SWIFT_OPTIMIZATION_LEVEL = "-Onone";
			};
			name = Debug;
		};
		ACEA4F9B1C9021A20040510C /* Release */ = {
			isa = XCBuildConfiguration;
			buildSettings = {
				ALWAYS_SEARCH_USER_PATHS = NO;
				CLANG_CXX_LANGUAGE_STANDARD = "gnu++0x";
				CLANG_CXX_LIBRARY = "libc++";
				CLANG_ENABLE_MODULES = YES;
				CLANG_ENABLE_OBJC_ARC = YES;
				CLANG_WARN_BOOL_CONVERSION = YES;
				CLANG_WARN_CONSTANT_CONVERSION = YES;
				CLANG_WARN_DIRECT_OBJC_ISA_USAGE = YES_ERROR;
				CLANG_WARN_EMPTY_BODY = YES;
				CLANG_WARN_ENUM_CONVERSION = YES;
				CLANG_WARN_INT_CONVERSION = YES;
				CLANG_WARN_OBJC_ROOT_CLASS = YES_ERROR;
				CLANG_WARN_UNREACHABLE_CODE = YES;
				CLANG_WARN__DUPLICATE_METHOD_MATCH = YES;
				"CODE_SIGN_IDENTITY[sdk=iphoneos*]" = "iPhone Developer";
				COPY_PHASE_STRIP = NO;
				DEBUG_INFORMATION_FORMAT = "dwarf-with-dsym";
				ENABLE_NS_ASSERTIONS = NO;
				ENABLE_STRICT_OBJC_MSGSEND = YES;
				GCC_C_LANGUAGE_STANDARD = gnu99;
				GCC_NO_COMMON_BLOCKS = YES;
				GCC_WARN_64_TO_32_BIT_CONVERSION = YES;
				GCC_WARN_ABOUT_RETURN_TYPE = YES_ERROR;
				GCC_WARN_UNDECLARED_SELECTOR = YES;
				GCC_WARN_UNINITIALIZED_AUTOS = YES_AGGRESSIVE;
				GCC_WARN_UNUSED_FUNCTION = YES;
				GCC_WARN_UNUSED_VARIABLE = YES;
				IPHONEOS_DEPLOYMENT_TARGET = 9.2;
				MTL_ENABLE_DEBUG_INFO = NO;
				SDKROOT = iphoneos;
				VALIDATE_PRODUCT = YES;
			};
			name = Release;
		};
		ACEA4F9D1C9021A20040510C /* Debug */ = {
			isa = XCBuildConfiguration;
			buildSettings = {
				ASSETCATALOG_COMPILER_APPICON_NAME = AppIcon;
				INFOPLIST_FILE = Telescope/Info.plist;
				LD_RUNPATH_SEARCH_PATHS = "$(inherited) @executable_path/Frameworks";
				PRODUCT_BUNDLE_IDENTIFIER = "com.epam.saint-petersburg.Telescope";
				PRODUCT_NAME = "$(TARGET_NAME)";
			};
			name = Debug;
		};
		ACEA4F9E1C9021A20040510C /* Release */ = {
			isa = XCBuildConfiguration;
			buildSettings = {
				ASSETCATALOG_COMPILER_APPICON_NAME = AppIcon;
				INFOPLIST_FILE = Telescope/Info.plist;
				LD_RUNPATH_SEARCH_PATHS = "$(inherited) @executable_path/Frameworks";
				PRODUCT_BUNDLE_IDENTIFIER = "com.epam.saint-petersburg.Telescope";
				PRODUCT_NAME = "$(TARGET_NAME)";
			};
			name = Release;
		};
/* End XCBuildConfiguration section */

/* Begin XCConfigurationList section */
		ACEA4F851C9021A20040510C /* Build configuration list for PBXProject "Telescope" */ = {
			isa = XCConfigurationList;
			buildConfigurations = (
				ACEA4F9A1C9021A20040510C /* Debug */,
				ACEA4F9B1C9021A20040510C /* Release */,
			);
			defaultConfigurationIsVisible = 0;
			defaultConfigurationName = Release;
		};
		ACEA4F9C1C9021A20040510C /* Build configuration list for PBXNativeTarget "Telescope" */ = {
			isa = XCConfigurationList;
			buildConfigurations = (
				ACEA4F9D1C9021A20040510C /* Debug */,
				ACEA4F9E1C9021A20040510C /* Release */,
			);
			defaultConfigurationIsVisible = 0;
		};
/* End XCConfigurationList section */
	};
	rootObject = ACEA4F821C9021A20040510C /* Project object */;
}
